
Microsoft Visual Studio Solution File, Format Version 12.00
# Visual Studio 15
VisualStudioVersion = 15.0.28307.271
MinimumVisualStudioVersion = 10.0.40219.1
Project("{FAE04EC0-301F-11D3-BF4B-00C04F79EFBC}") = "Deliverable2_ConditionalStatement", "Deliverable2_ConditionalStatement\Deliverable2_ConditionalStatement.csproj", "{C3672440-CA8E-49E8-9EAE-9582CC761752}"
EndProject
Global
	GlobalSection(SolutionConfigurationPlatforms) = preSolution
		Debug|Any CPU = Debug|Any CPU
		Release|Any CPU = Release|Any CPU
	EndGlobalSection
	GlobalSection(ProjectConfigurationPlatforms) = postSolution
		{C3672440-CA8E-49E8-9EAE-9582CC761752}.Debug|Any CPU.ActiveCfg = Debug|Any CPU
		{C3672440-CA8E-49E8-9EAE-9582CC761752}.Debug|Any CPU.Build.0 = Debug|Any CPU
		{C3672440-CA8E-49E8-9EAE-9582CC761752}.Release|Any CPU.ActiveCfg = Release|Any CPU
		{C3672440-CA8E-49E8-9EAE-9582CC761752}.Release|Any CPU.Build.0 = Release|Any CPU
	EndGlobalSection
	GlobalSection(SolutionProperties) = preSolution
		HideSolutionNode = FALSE
	EndGlobalSection
	GlobalSection(ExtensibilityGlobals) = postSolution
		SolutionGuid = {9B126C06-D14E-40EE-8830-5DDCD8DD6872}
	EndGlobalSection
EndGlobal
